// !$*UTF8*$!
{
	archiveVersion = 1;
	classes = {
	};
	objectVersion = 56;
	objects = {

/* Begin PBXBuildFile section */
		A00000000000000000000101 /* AnkiOpenApp.swift in Sources */ = {isa = PBXBuildFile; fileRef = A00000000000000000000001 /* AnkiOpenApp.swift */; };
		A00000000000000000000102 /* RootView.swift in Sources */ = {isa = PBXBuildFile; fileRef = A00000000000000000000002 /* RootView.swift */; };
		A00000000000000000000103 /* PersistenceController.swift in Sources */ = {isa = PBXBuildFile; fileRef = A00000000000000000000003 /* PersistenceController.swift */; };
		A00000000000000000000104 /* CoreDataModelFactory.swift in Sources */ = {isa = PBXBuildFile; fileRef = A00000000000000000000004 /* CoreDataModelFactory.swift */; };
		A00000000000000000000105 /* NotebookMO.swift in Sources */ = {isa = PBXBuildFile; fileRef = A00000000000000000000005 /* NotebookMO.swift */; };
		A00000000000000000000106 /* FlashcardMO.swift in Sources */ = {isa = PBXBuildFile; fileRef = A00000000000000000000006 /* FlashcardMO.swift */; };
		A00000000000000000000107 /* ReviewLogMO.swift in Sources */ = {isa = PBXBuildFile; fileRef = A00000000000000000000007 /* ReviewLogMO.swift */; };
		A00000000000000000000108 /* ImportBatchMO.swift in Sources */ = {isa = PBXBuildFile; fileRef = A00000000000000000000008 /* ImportBatchMO.swift */; };
		A00000000000000000000109 /* ReviewRating.swift in Sources */ = {isa = PBXBuildFile; fileRef = A00000000000000000000009 /* ReviewRating.swift */; };
		A00000000000000000000129 /* NotebookUnitMO.swift in Sources */ = {isa = PBXBuildFile; fileRef = A00000000000000000000028 /* NotebookUnitMO.swift */; };
		A00000000000000000000110 /* DueCardQuery.swift in Sources */ = {isa = PBXBuildFile; fileRef = A00000000000000000000010 /* DueCardQuery.swift */; };
		A00000000000000000000111 /* ReviewScheduler.swift in Sources */ = {isa = PBXBuildFile; fileRef = A00000000000000000000011 /* ReviewScheduler.swift */; };
		A00000000000000000000112 /* CSVImporter.swift in Sources */ = {isa = PBXBuildFile; fileRef = A00000000000000000000012 /* CSVImporter.swift */; };
		A00000000000000000000113 /* NotebooksView.swift in Sources */ = {isa = PBXBuildFile; fileRef = A00000000000000000000013 /* NotebooksView.swift */; };
		A00000000000000000000114 /* NotebookEditorView.swift in Sources */ = {isa = PBXBuildFile; fileRef = A00000000000000000000014 /* NotebookEditorView.swift */; };
		A00000000000000000000115 /* NotebookDetailView.swift in Sources */ = {isa = PBXBuildFile; fileRef = A00000000000000000000015 /* NotebookDetailView.swift */; };
		A00000000000000000000116 /* CardEditorView.swift in Sources */ = {isa = PBXBuildFile; fileRef = A00000000000000000000016 /* CardEditorView.swift */; };
		A00000000000000000000117 /* StudyView.swift in Sources */ = {isa = PBXBuildFile; fileRef = A00000000000000000000017 /* StudyView.swift */; };
		A00000000000000000000118 /* ImportView.swift in Sources */ = {isa = PBXBuildFile; fileRef = A00000000000000000000018 /* ImportView.swift */; };
		A00000000000000000000119 /* SettingsView.swift in Sources */ = {isa = PBXBuildFile; fileRef = A00000000000000000000019 /* SettingsView.swift */; };
		A00000000000000000000124 /* EmptyStateView.swift in Sources */ = {isa = PBXBuildFile; fileRef = A00000000000000000000023 /* EmptyStateView.swift */; };
		A00000000000000000000130 /* UnitEditorView.swift in Sources */ = {isa = PBXBuildFile; fileRef = A00000000000000000000029 /* UnitEditorView.swift */; };
		A00000000000000000000131 /* UnitDetailView.swift in Sources */ = {isa = PBXBuildFile; fileRef = A00000000000000000000030 /* UnitDetailView.swift */; };
		A00000000000000000000125 /* AudioFileStore.swift in Sources */ = {isa = PBXBuildFile; fileRef = A00000000000000000000024 /* AudioFileStore.swift */; };
		A00000000000000000000126 /* AudioPlaybackController.swift in Sources */ = {isa = PBXBuildFile; fileRef = A00000000000000000000025 /* AudioPlaybackController.swift */; };
		A00000000000000000000127 /* BackupExporter.swift in Sources */ = {isa = PBXBuildFile; fileRef = A00000000000000000000026 /* BackupExporter.swift */; };
		A00000000000000000000132 /* BackupImporter.swift in Sources */ = {isa = PBXBuildFile; fileRef = A00000000000000000000031 /* BackupImporter.swift */; };
		A00000000000000000000133 /* CZYZDAudioResolver.swift in Sources */ = {isa = PBXBuildFile; fileRef = A00000000000000000000032 /* CZYZDAudioResolver.swift */; };
		A00000000000000000000134 /* CardReportMO.swift in Sources */ = {isa = PBXBuildFile; fileRef = A00000000000000000000034 /* CardReportMO.swift */; };
		A00000000000000000000135 /* ReportIssueView.swift in Sources */ = {isa = PBXBuildFile; fileRef = A00000000000000000000035 /* ReportIssueView.swift */; };
		A00000000000000000000136 /* GlyphDiagnostics.swift in Sources */ = {isa = PBXBuildFile; fileRef = A00000000000000000000036 /* GlyphDiagnostics.swift */; };
		A00000000000000000000137 /* FlashcardText.swift in Sources */ = {isa = PBXBuildFile; fileRef = A00000000000000000000037 /* FlashcardText.swift */; };
		A00000000000000000000138 /* RareGlyphsView.swift in Sources */ = {isa = PBXBuildFile; fileRef = A00000000000000000000038 /* RareGlyphsView.swift */; };
		A00000000000000000000143 /* ReportsView.swift in Sources */ = {isa = PBXBuildFile; fileRef = A00000000000000000000043 /* ReportsView.swift */; };
		A00000000000000000000144 /* FSRS6Scheduler.swift in Sources */ = {isa = PBXBuildFile; fileRef = A00000000000000000000044 /* FSRS6Scheduler.swift */; };
		A00000000000000000000145 /* DeepSeekSettingsStore.swift in Sources */ = {isa = PBXBuildFile; fileRef = A00000000000000000000045 /* DeepSeekSettingsStore.swift */; };
		A00000000000000000000146 /* DeepSeekGlyphSuggestionClient.swift in Sources */ = {isa = PBXBuildFile; fileRef = A00000000000000000000046 /* DeepSeekGlyphSuggestionClient.swift */; };
		A00000000000000000000148 /* CZYZDDictionaryLookup.swift in Sources */ = {isa = PBXBuildFile; fileRef = A00000000000000000000048 /* CZYZDDictionaryLookup.swift */; };
		A00000000000000000000149 /* DictionaryView.swift in Sources */ = {isa = PBXBuildFile; fileRef = A00000000000000000000049 /* DictionaryView.swift */; };
		A00000000000000000000151 /* CZYZDDictionaryEnrichmentService.swift in Sources */ = {isa = PBXBuildFile; fileRef = A00000000000000000000051 /* CZYZDDictionaryEnrichmentService.swift */; };
		A00000000000000000000152 /* CZYZDDictionaryNotebookBuilder.swift in Sources */ = {isa = PBXBuildFile; fileRef = A00000000000000000000052 /* CZYZDDictionaryNotebookBuilder.swift */; };
		A00000000000000000000153 /* Appearance.swift in Sources */ = {isa = PBXBuildFile; fileRef = A00000000000000000000053 /* Appearance.swift */; };
		A00000000000000000000154 /* Assets.xcassets in Resources */ = {isa = PBXBuildFile; fileRef = A00000000000000000000054 /* Assets.xcassets */; };
		A00000000000000000000155 /* CZYZDChaopinImageTextResolver.swift in Sources */ = {isa = PBXBuildFile; fileRef = A00000000000000000000055 /* CZYZDChaopinImageTextResolver.swift */; };
		A00000000000000000000156 /* DeepSeekDictionaryParsingClient.swift in Sources */ = {isa = PBXBuildFile; fileRef = A00000000000000000000056 /* DeepSeekDictionaryParsingClient.swift */; };
		A00000000000000000000158 /* CardCorrectionLogMO.swift in Sources */ = {isa = PBXBuildFile; fileRef = A00000000000000000000058 /* CardCorrectionLogMO.swift */; };
		A00000000000000000000139 /* glyph_u2003e.png in Resources */ = {isa = PBXBuildFile; fileRef = A00000000000000000000039 /* glyph_u2003e.png */; };
		A00000000000000000000140 /* glyph_u28468.png in Resources */ = {isa = PBXBuildFile; fileRef = A00000000000000000000040 /* glyph_u28468.png */; };
		A00000000000000000000141 /* glyph_u2b897.png in Resources */ = {isa = PBXBuildFile; fileRef = A00000000000000000000041 /* glyph_u2b897.png */; };
		A00000000000000000000142 /* LICENSE-Hanazono.txt in Resources */ = {isa = PBXBuildFile; fileRef = A00000000000000000000042 /* LICENSE-Hanazono.txt */; };
		A00000000000000000000120 /* CSVImporterTests.swift in Sources */ = {isa = PBXBuildFile; fileRef = A00000000000000000000020 /* CSVImporterTests.swift */; };
		A00000000000000000000121 /* ReviewSchedulerTests.swift in Sources */ = {isa = PBXBuildFile; fileRef = A00000000000000000000021 /* ReviewSchedulerTests.swift */; };
		A00000000000000000000128 /* BackupExporterTests.swift in Sources */ = {isa = PBXBuildFile; fileRef = A00000000000000000000027 /* BackupExporterTests.swift */; };
		A00000000000000000000147 /* DeepSeekGlyphSuggestionClientTests.swift in Sources */ = {isa = PBXBuildFile; fileRef = A00000000000000000000047 /* DeepSeekGlyphSuggestionClientTests.swift */; };
		A00000000000000000000150 /* CZYZDDictionaryLookupTests.swift in Sources */ = {isa = PBXBuildFile; fileRef = A00000000000000000000050 /* CZYZDDictionaryLookupTests.swift */; };
		A00000000000000000000157 /* AudioPlaybackControllerTests.swift in Sources */ = {isa = PBXBuildFile; fileRef = A00000000000000000000057 /* AudioPlaybackControllerTests.swift */; };
		A00000000000000000000122 /* AnkiOpenUITests.swift in Sources */ = {isa = PBXBuildFile; fileRef = A00000000000000000000022 /* AnkiOpenUITests.swift */; };
		A00000000000000000000123 /* FSRS in Frameworks */ = {isa = PBXBuildFile; productRef = A00000000000000000000301 /* FSRS */; };
/* End PBXBuildFile section */

/* Begin PBXContainerItemProxy section */
		A00000000000000000000401 /* PBXContainerItemProxy */ = {
			isa = PBXContainerItemProxy;
			containerPortal = A00000000000000000000999 /* Project object */;
			proxyType = 1;
			remoteGlobalIDString = A00000000000000000000201;
			remoteInfo = AnkiOpen;
		};
		A00000000000000000000402 /* PBXContainerItemProxy */ = {
			isa = PBXContainerItemProxy;
			containerPortal = A00000000000000000000999 /* Project object */;
			proxyType = 1;
			remoteGlobalIDString = A00000000000000000000201;
			remoteInfo = AnkiOpen;
		};
/* End PBXContainerItemProxy section */

/* Begin PBXFileReference section */
		A00000000000000000000001 /* AnkiOpenApp.swift */ = {isa = PBXFileReference; lastKnownFileType = sourcecode.swift; path = AnkiOpenApp.swift; sourceTree = "<group>"; };
		A00000000000000000000002 /* RootView.swift */ = {isa = PBXFileReference; lastKnownFileType = sourcecode.swift; path = RootView.swift; sourceTree = "<group>"; };
		A00000000000000000000003 /* PersistenceController.swift */ = {isa = PBXFileReference; lastKnownFileType = sourcecode.swift; path = PersistenceController.swift; sourceTree = "<group>"; };
		A00000000000000000000004 /* CoreDataModelFactory.swift */ = {isa = PBXFileReference; lastKnownFileType = sourcecode.swift; path = CoreDataModelFactory.swift; sourceTree = "<group>"; };
		A00000000000000000000005 /* NotebookMO.swift */ = {isa = PBXFileReference; lastKnownFileType = sourcecode.swift; path = NotebookMO.swift; sourceTree = "<group>"; };
		A00000000000000000000006 /* FlashcardMO.swift */ = {isa = PBXFileReference; lastKnownFileType = sourcecode.swift; path = FlashcardMO.swift; sourceTree = "<group>"; };
		A00000000000000000000007 /* ReviewLogMO.swift */ = {isa = PBXFileReference; lastKnownFileType = sourcecode.swift; path = ReviewLogMO.swift; sourceTree = "<group>"; };
		A00000000000000000000008 /* ImportBatchMO.swift */ = {isa = PBXFileReference; lastKnownFileType = sourcecode.swift; path = ImportBatchMO.swift; sourceTree = "<group>"; };
		A00000000000000000000009 /* ReviewRating.swift */ = {isa = PBXFileReference; lastKnownFileType = sourcecode.swift; path = ReviewRating.swift; sourceTree = "<group>"; };
		A00000000000000000000028 /* NotebookUnitMO.swift */ = {isa = PBXFileReference; lastKnownFileType = sourcecode.swift; path = NotebookUnitMO.swift; sourceTree = "<group>"; };
		A00000000000000000000010 /* DueCardQuery.swift */ = {isa = PBXFileReference; lastKnownFileType = sourcecode.swift; path = DueCardQuery.swift; sourceTree = "<group>"; };
		A00000000000000000000011 /* ReviewScheduler.swift */ = {isa = PBXFileReference; lastKnownFileType = sourcecode.swift; path = ReviewScheduler.swift; sourceTree = "<group>"; };
		A00000000000000000000012 /* CSVImporter.swift */ = {isa = PBXFileReference; lastKnownFileType = sourcecode.swift; path = CSVImporter.swift; sourceTree = "<group>"; };
		A00000000000000000000013 /* NotebooksView.swift */ = {isa = PBXFileReference; lastKnownFileType = sourcecode.swift; path = NotebooksView.swift; sourceTree = "<group>"; };
		A00000000000000000000014 /* NotebookEditorView.swift */ = {isa = PBXFileReference; lastKnownFileType = sourcecode.swift; path = NotebookEditorView.swift; sourceTree = "<group>"; };
		A00000000000000000000015 /* NotebookDetailView.swift */ = {isa = PBXFileReference; lastKnownFileType = sourcecode.swift; path = NotebookDetailView.swift; sourceTree = "<group>"; };
		A00000000000000000000016 /* CardEditorView.swift */ = {isa = PBXFileReference; lastKnownFileType = sourcecode.swift; path = CardEditorView.swift; sourceTree = "<group>"; };
		A00000000000000000000017 /* StudyView.swift */ = {isa = PBXFileReference; lastKnownFileType = sourcecode.swift; path = StudyView.swift; sourceTree = "<group>"; };
		A00000000000000000000018 /* ImportView.swift */ = {isa = PBXFileReference; lastKnownFileType = sourcecode.swift; path = ImportView.swift; sourceTree = "<group>"; };
		A00000000000000000000019 /* SettingsView.swift */ = {isa = PBXFileReference; lastKnownFileType = sourcecode.swift; path = SettingsView.swift; sourceTree = "<group>"; };
		A00000000000000000000020 /* CSVImporterTests.swift */ = {isa = PBXFileReference; lastKnownFileType = sourcecode.swift; path = CSVImporterTests.swift; sourceTree = "<group>"; };
		A00000000000000000000021 /* ReviewSchedulerTests.swift */ = {isa = PBXFileReference; lastKnownFileType = sourcecode.swift; path = ReviewSchedulerTests.swift; sourceTree = "<group>"; };
		A00000000000000000000022 /* AnkiOpenUITests.swift */ = {isa = PBXFileReference; lastKnownFileType = sourcecode.swift; path = AnkiOpenUITests.swift; sourceTree = "<group>"; };
		A00000000000000000000023 /* EmptyStateView.swift */ = {isa = PBXFileReference; lastKnownFileType = sourcecode.swift; path = EmptyStateView.swift; sourceTree = "<group>"; };
		A00000000000000000000029 /* UnitEditorView.swift */ = {isa = PBXFileReference; lastKnownFileType = sourcecode.swift; path = UnitEditorView.swift; sourceTree = "<group>"; };
		A00000000000000000000030 /* UnitDetailView.swift */ = {isa = PBXFileReference; lastKnownFileType = sourcecode.swift; path = UnitDetailView.swift; sourceTree = "<group>"; };
		A00000000000000000000024 /* AudioFileStore.swift */ = {isa = PBXFileReference; lastKnownFileType = sourcecode.swift; path = AudioFileStore.swift; sourceTree = "<group>"; };
		A00000000000000000000025 /* AudioPlaybackController.swift */ = {isa = PBXFileReference; lastKnownFileType = sourcecode.swift; path = AudioPlaybackController.swift; sourceTree = "<group>"; };
		A00000000000000000000026 /* BackupExporter.swift */ = {isa = PBXFileReference; lastKnownFileType = sourcecode.swift; path = BackupExporter.swift; sourceTree = "<group>"; };
		A00000000000000000000031 /* BackupImporter.swift */ = {isa = PBXFileReference; lastKnownFileType = sourcecode.swift; path = BackupImporter.swift; sourceTree = "<group>"; };
		A00000000000000000000032 /* CZYZDAudioResolver.swift */ = {isa = PBXFileReference; lastKnownFileType = sourcecode.swift; path = CZYZDAudioResolver.swift; sourceTree = "<group>"; };
		A00000000000000000000033 /* Info.plist */ = {isa = PBXFileReference; lastKnownFileType = text.plist.xml; path = Info.plist; sourceTree = "<group>"; };
		A00000000000000000000034 /* CardReportMO.swift */ = {isa = PBXFileReference; lastKnownFileType = sourcecode.swift; path = CardReportMO.swift; sourceTree = "<group>"; };
		A00000000000000000000035 /* ReportIssueView.swift */ = {isa = PBXFileReference; lastKnownFileType = sourcecode.swift; path = ReportIssueView.swift; sourceTree = "<group>"; };
		A00000000000000000000036 /* GlyphDiagnostics.swift */ = {isa = PBXFileReference; lastKnownFileType = sourcecode.swift; path = GlyphDiagnostics.swift; sourceTree = "<group>"; };
		A00000000000000000000037 /* FlashcardText.swift */ = {isa = PBXFileReference; lastKnownFileType = sourcecode.swift; path = FlashcardText.swift; sourceTree = "<group>"; };
		A00000000000000000000038 /* RareGlyphsView.swift */ = {isa = PBXFileReference; lastKnownFileType = sourcecode.swift; path = RareGlyphsView.swift; sourceTree = "<group>"; };
		A00000000000000000000043 /* ReportsView.swift */ = {isa = PBXFileReference; lastKnownFileType = sourcecode.swift; path = ReportsView.swift; sourceTree = "<group>"; };
		A00000000000000000000044 /* FSRS6Scheduler.swift */ = {isa = PBXFileReference; lastKnownFileType = sourcecode.swift; path = FSRS6Scheduler.swift; sourceTree = "<group>"; };
		A00000000000000000000045 /* DeepSeekSettingsStore.swift */ = {isa = PBXFileReference; lastKnownFileType = sourcecode.swift; path = DeepSeekSettingsStore.swift; sourceTree = "<group>"; };
		A00000000000000000000046 /* DeepSeekGlyphSuggestionClient.swift */ = {isa = PBXFileReference; lastKnownFileType = sourcecode.swift; path = DeepSeekGlyphSuggestionClient.swift; sourceTree = "<group>"; };
		A00000000000000000000048 /* CZYZDDictionaryLookup.swift */ = {isa = PBXFileReference; lastKnownFileType = sourcecode.swift; path = CZYZDDictionaryLookup.swift; sourceTree = "<group>"; };
		A00000000000000000000049 /* DictionaryView.swift */ = {isa = PBXFileReference; lastKnownFileType = sourcecode.swift; path = DictionaryView.swift; sourceTree = "<group>"; };
		A00000000000000000000051 /* CZYZDDictionaryEnrichmentService.swift */ = {isa = PBXFileReference; lastKnownFileType = sourcecode.swift; path = CZYZDDictionaryEnrichmentService.swift; sourceTree = "<group>"; };
		A00000000000000000000052 /* CZYZDDictionaryNotebookBuilder.swift */ = {isa = PBXFileReference; lastKnownFileType = sourcecode.swift; path = CZYZDDictionaryNotebookBuilder.swift; sourceTree = "<group>"; };
		A00000000000000000000053 /* Appearance.swift */ = {isa = PBXFileReference; lastKnownFileType = sourcecode.swift; path = Appearance.swift; sourceTree = "<group>"; };
		A00000000000000000000054 /* Assets.xcassets */ = {isa = PBXFileReference; lastKnownFileType = folder.assetcatalog; path = Assets.xcassets; sourceTree = "<group>"; };
		A00000000000000000000055 /* CZYZDChaopinImageTextResolver.swift */ = {isa = PBXFileReference; lastKnownFileType = sourcecode.swift; path = CZYZDChaopinImageTextResolver.swift; sourceTree = "<group>"; };
		A00000000000000000000056 /* DeepSeekDictionaryParsingClient.swift */ = {isa = PBXFileReference; lastKnownFileType = sourcecode.swift; path = DeepSeekDictionaryParsingClient.swift; sourceTree = "<group>"; };
		A00000000000000000000058 /* CardCorrectionLogMO.swift */ = {isa = PBXFileReference; lastKnownFileType = sourcecode.swift; path = CardCorrectionLogMO.swift; sourceTree = "<group>"; };
		A00000000000000000000039 /* glyph_u2003e.png */ = {isa = PBXFileReference; lastKnownFileType = image.png; path = glyph_u2003e.png; sourceTree = "<group>"; };
		A00000000000000000000040 /* glyph_u28468.png */ = {isa = PBXFileReference; lastKnownFileType = image.png; path = glyph_u28468.png; sourceTree = "<group>"; };
		A00000000000000000000041 /* glyph_u2b897.png */ = {isa = PBXFileReference; lastKnownFileType = image.png; path = glyph_u2b897.png; sourceTree = "<group>"; };
		A00000000000000000000042 /* LICENSE-Hanazono.txt */ = {isa = PBXFileReference; lastKnownFileType = text; path = "LICENSE-Hanazono.txt"; sourceTree = "<group>"; };
		A00000000000000000000027 /* BackupExporterTests.swift */ = {isa = PBXFileReference; lastKnownFileType = sourcecode.swift; path = BackupExporterTests.swift; sourceTree = "<group>"; };
		A00000000000000000000047 /* DeepSeekGlyphSuggestionClientTests.swift */ = {isa = PBXFileReference; lastKnownFileType = sourcecode.swift; path = DeepSeekGlyphSuggestionClientTests.swift; sourceTree = "<group>"; };
		A00000000000000000000050 /* CZYZDDictionaryLookupTests.swift */ = {isa = PBXFileReference; lastKnownFileType = sourcecode.swift; path = CZYZDDictionaryLookupTests.swift; sourceTree = "<group>"; };
		A00000000000000000000057 /* AudioPlaybackControllerTests.swift */ = {isa = PBXFileReference; lastKnownFileType = sourcecode.swift; path = AudioPlaybackControllerTests.swift; sourceTree = "<group>"; };
		A00000000000000000000501 /* AnkiOpen.app */ = {isa = PBXFileReference; explicitFileType = wrapper.application; includeInIndex = 0; path = AnkiOpen.app; sourceTree = BUILT_PRODUCTS_DIR; };
		A00000000000000000000502 /* AnkiOpenTests.xctest */ = {isa = PBXFileReference; explicitFileType = wrapper.cfbundle; includeInIndex = 0; path = AnkiOpenTests.xctest; sourceTree = BUILT_PRODUCTS_DIR; };
		A00000000000000000000503 /* AnkiOpenUITests.xctest */ = {isa = PBXFileReference; explicitFileType = wrapper.cfbundle; includeInIndex = 0; path = AnkiOpenUITests.xctest; sourceTree = BUILT_PRODUCTS_DIR; };
/* End PBXFileReference section */

/* Begin PBXFrameworksBuildPhase section */
		A00000000000000000000601 /* Frameworks */ = {
			isa = PBXFrameworksBuildPhase;
			buildActionMask = 2147483647;
			files = (
				A00000000000000000000123 /* FSRS in Frameworks */,
			);
			runOnlyForDeploymentPostprocessing = 0;
		};
		A00000000000000000000602 /* Frameworks */ = {isa = PBXFrameworksBuildPhase; buildActionMask = 2147483647; files = (); runOnlyForDeploymentPostprocessing = 0; };
		A00000000000000000000603 /* Frameworks */ = {isa = PBXFrameworksBuildPhase; buildActionMask = 2147483647; files = (); runOnlyForDeploymentPostprocessing = 0; };
/* End PBXFrameworksBuildPhase section */

/* Begin PBXGroup section */
		A00000000000000000000700 = {
			isa = PBXGroup;
			children = (
				A00000000000000000000701 /* AnkiOpen */,
				A00000000000000000000705 /* AnkiOpenTests */,
				A00000000000000000000706 /* AnkiOpenUITests */,
				A00000000000000000000707 /* Products */,
			);
			sourceTree = "<group>";
		};
		A00000000000000000000701 /* AnkiOpen */ = {
			isa = PBXGroup;
			children = (
				A00000000000000000000001 /* AnkiOpenApp.swift */,
				A00000000000000000000002 /* RootView.swift */,
				A00000000000000000000033 /* Info.plist */,
				A00000000000000000000702 /* Models */,
				A00000000000000000000703 /* Persistence */,
				A00000000000000000000704 /* Services */,
				A00000000000000000000708 /* Views */,
				A00000000000000000000709 /* Resources */,
			);
			path = AnkiOpen;
			sourceTree = "<group>";
		};
		A00000000000000000000702 /* Models */ = {
			isa = PBXGroup;
			children = (
				A00000000000000000000005 /* NotebookMO.swift */,
				A00000000000000000000006 /* FlashcardMO.swift */,
				A00000000000000000000007 /* ReviewLogMO.swift */,
				A00000000000000000000008 /* ImportBatchMO.swift */,
				A00000000000000000000034 /* CardReportMO.swift */,
				A00000000000000000000058 /* CardCorrectionLogMO.swift */,
				A00000000000000000000009 /* ReviewRating.swift */,
				A00000000000000000000028 /* NotebookUnitMO.swift */,
			);
			path = Models;
			sourceTree = "<group>";
		};
		A00000000000000000000703 /* Persistence */ = {
			isa = PBXGroup;
			children = (
				A00000000000000000000003 /* PersistenceController.swift */,
				A00000000000000000000004 /* CoreDataModelFactory.swift */,
			);
			path = Persistence;
			sourceTree = "<group>";
		};
		A00000000000000000000704 /* Services */ = {
			isa = PBXGroup;
			children = (
				A00000000000000000000010 /* DueCardQuery.swift */,
				A00000000000000000000011 /* ReviewScheduler.swift */,
				A00000000000000000000012 /* CSVImporter.swift */,
				A00000000000000000000024 /* AudioFileStore.swift */,
				A00000000000000000000025 /* AudioPlaybackController.swift */,
				A00000000000000000000026 /* BackupExporter.swift */,
				A00000000000000000000031 /* BackupImporter.swift */,
				A00000000000000000000032 /* CZYZDAudioResolver.swift */,
				A00000000000000000000036 /* GlyphDiagnostics.swift */,
				A00000000000000000000044 /* FSRS6Scheduler.swift */,
				A00000000000000000000045 /* DeepSeekSettingsStore.swift */,
				A00000000000000000000046 /* DeepSeekGlyphSuggestionClient.swift */,
				A00000000000000000000056 /* DeepSeekDictionaryParsingClient.swift */,
				A00000000000000000000048 /* CZYZDDictionaryLookup.swift */,
				A00000000000000000000055 /* CZYZDChaopinImageTextResolver.swift */,
				A00000000000000000000051 /* CZYZDDictionaryEnrichmentService.swift */,
				A00000000000000000000052 /* CZYZDDictionaryNotebookBuilder.swift */,
			);
			path = Services;
			sourceTree = "<group>";
		};
		A00000000000000000000705 /* AnkiOpenTests */ = {
			isa = PBXGroup;
			children = (
				A00000000000000000000020 /* CSVImporterTests.swift */,
				A00000000000000000000021 /* ReviewSchedulerTests.swift */,
				A00000000000000000000027 /* BackupExporterTests.swift */,
				A00000000000000000000047 /* DeepSeekGlyphSuggestionClientTests.swift */,
				A00000000000000000000050 /* CZYZDDictionaryLookupTests.swift */,
				A00000000000000000000057 /* AudioPlaybackControllerTests.swift */,
			);
			path = AnkiOpenTests;
			sourceTree = "<group>";
		};
		A00000000000000000000706 /* AnkiOpenUITests */ = {
			isa = PBXGroup;
			children = (
				A00000000000000000000022 /* AnkiOpenUITests.swift */,
			);
			path = AnkiOpenUITests;
			sourceTree = "<group>";
		};
		A00000000000000000000707 /* Products */ = {
			isa = PBXGroup;
			children = (
				A00000000000000000000501 /* AnkiOpen.app */,
				A00000000000000000000502 /* AnkiOpenTests.xctest */,
				A00000000000000000000503 /* AnkiOpenUITests.xctest */,
			);
			name = Products;
			sourceTree = "<group>";
		};
		A00000000000000000000708 /* Views */ = {
			isa = PBXGroup;
			children = (
				A00000000000000000000013 /* NotebooksView.swift */,
				A00000000000000000000014 /* NotebookEditorView.swift */,
				A00000000000000000000015 /* NotebookDetailView.swift */,
				A00000000000000000000016 /* CardEditorView.swift */,
				A00000000000000000000017 /* StudyView.swift */,
				A00000000000000000000018 /* ImportView.swift */,
				A00000000000000000000019 /* SettingsView.swift */,
				A00000000000000000000023 /* EmptyStateView.swift */,
				A00000000000000000000029 /* UnitEditorView.swift */,
				A00000000000000000000030 /* UnitDetailView.swift */,
				A00000000000000000000035 /* ReportIssueView.swift */,
				A00000000000000000000043 /* ReportsView.swift */,
				A00000000000000000000037 /* FlashcardText.swift */,
				A00000000000000000000038 /* RareGlyphsView.swift */,
				A00000000000000000000049 /* DictionaryView.swift */,
				A00000000000000000000053 /* Appearance.swift */,
			);
			path = Views;
			sourceTree = "<group>";
		};
		A00000000000000000000709 /* Resources */ = {
			isa = PBXGroup;
			children = (
				A00000000000000000000054 /* Assets.xcassets */,
				A00000000000000000000710 /* GlyphFallbacks */,
			);
			path = Resources;
			sourceTree = "<group>";
		};
		A00000000000000000000710 /* GlyphFallbacks */ = {
			isa = PBXGroup;
			children = (
				A00000000000000000000039 /* glyph_u2003e.png */,
				A00000000000000000000040 /* glyph_u28468.png */,
				A00000000000000000000041 /* glyph_u2b897.png */,
				A00000000000000000000042 /* LICENSE-Hanazono.txt */,
			);
			path = GlyphFallbacks;
			sourceTree = "<group>";
		};
/* End PBXGroup section */

/* Begin PBXNativeTarget section */
		A00000000000000000000201 /* AnkiOpen */ = {
			isa = PBXNativeTarget;
			buildConfigurationList = A00000000000000000000810 /* Build configuration list for PBXNativeTarget "AnkiOpen" */;
			buildPhases = (
				A00000000000000000000601 /* Frameworks */,
				A00000000000000000000901 /* Sources */,
				A00000000000000000000904 /* Resources */,
			);
			buildRules = (
			);
			dependencies = (
			);
			name = AnkiOpen;
			packageProductDependencies = (
				A00000000000000000000301 /* FSRS */,
			);
			productName = AnkiOpen;
			productReference = A00000000000000000000501 /* AnkiOpen.app */;
			productType = "com.apple.product-type.application";
		};
		A00000000000000000000202 /* AnkiOpenTests */ = {
			isa = PBXNativeTarget;
			buildConfigurationList = A00000000000000000000820 /* Build configuration list for PBXNativeTarget "AnkiOpenTests" */;
			buildPhases = (
				A00000000000000000000602 /* Frameworks */,
				A00000000000000000000902 /* Sources */,
				A00000000000000000000905 /* Resources */,
			);
			buildRules = (
			);
			dependencies = (
				A00000000000000000000403 /* PBXTargetDependency */,
			);
			name = AnkiOpenTests;
			productName = AnkiOpenTests;
			productReference = A00000000000000000000502 /* AnkiOpenTests.xctest */;
			productType = "com.apple.product-type.bundle.unit-test";
		};
		A00000000000000000000203 /* AnkiOpenUITests */ = {
			isa = PBXNativeTarget;
			buildConfigurationList = A00000000000000000000830 /* Build configuration list for PBXNativeTarget "AnkiOpenUITests" */;
			buildPhases = (
				A00000000000000000000603 /* Frameworks */,
				A00000000000000000000903 /* Sources */,
				A00000000000000000000906 /* Resources */,
			);
			buildRules = (
			);
			dependencies = (
				A00000000000000000000404 /* PBXTargetDependency */,
			);
			name = AnkiOpenUITests;
			productName = AnkiOpenUITests;
			productReference = A00000000000000000000503 /* AnkiOpenUITests.xctest */;
			productType = "com.apple.product-type.bundle.ui-testing";
		};
/* End PBXNativeTarget section */

/* Begin PBXProject section */
		A00000000000000000000999 /* Project object */ = {
			isa = PBXProject;
			attributes = {
				BuildIndependentTargetsInParallel = 1;
				LastSwiftUpdateCheck = 2650;
				LastUpgradeCheck = 2650;
				TargetAttributes = {
					A00000000000000000000201 = {CreatedOnToolsVersion = 26.5;};
					A00000000000000000000202 = {CreatedOnToolsVersion = 26.5; TestTargetID = A00000000000000000000201;};
					A00000000000000000000203 = {CreatedOnToolsVersion = 26.5; TestTargetID = A00000000000000000000201;};
				};
			};
			buildConfigurationList = A00000000000000000000800 /* Build configuration list for PBXProject "AnkiOpen" */;
			compatibilityVersion = "Xcode 14.0";
			developmentRegion = en;
			hasScannedForEncodings = 0;
			knownRegions = (
				en,
				Base,
			);
			mainGroup = A00000000000000000000700;
			packageReferences = (
				A00000000000000000000300 /* XCRemoteSwiftPackageReference "swift-fsrs" */,
			);
			productRefGroup = A00000000000000000000707 /* Products */;
			projectDirPath = "";
			projectRoot = "";
			targets = (
				A00000000000000000000201 /* AnkiOpen */,
				A00000000000000000000202 /* AnkiOpenTests */,
				A00000000000000000000203 /* AnkiOpenUITests */,
			);
		};
/* End PBXProject section */

/* Begin PBXResourcesBuildPhase section */
		A00000000000000000000904 /* Resources */ = {
			isa = PBXResourcesBuildPhase;
			buildActionMask = 2147483647;
			files = (
				A00000000000000000000139 /* glyph_u2003e.png in Resources */,
				A00000000000000000000140 /* glyph_u28468.png in Resources */,
				A00000000000000000000141 /* glyph_u2b897.png in Resources */,
				A00000000000000000000142 /* LICENSE-Hanazono.txt in Resources */,
				A00000000000000000000154 /* Assets.xcassets in Resources */,
			);
			runOnlyForDeploymentPostprocessing = 0;
		};
		A00000000000000000000905 /* Resources */ = {isa = PBXResourcesBuildPhase; buildActionMask = 2147483647; files = (); runOnlyForDeploymentPostprocessing = 0; };
		A00000000000000000000906 /* Resources */ = {isa = PBXResourcesBuildPhase; buildActionMask = 2147483647; files = (); runOnlyForDeploymentPostprocessing = 0; };
/* End PBXResourcesBuildPhase section */

/* Begin PBXSourcesBuildPhase section */
		A00000000000000000000901 /* Sources */ = {
			isa = PBXSourcesBuildPhase;
			buildActionMask = 2147483647;
			files = (
				A00000000000000000000101 /* AnkiOpenApp.swift in Sources */,
				A00000000000000000000102 /* RootView.swift in Sources */,
				A00000000000000000000103 /* PersistenceController.swift in Sources */,
				A00000000000000000000104 /* CoreDataModelFactory.swift in Sources */,
				A00000000000000000000105 /* NotebookMO.swift in Sources */,
				A00000000000000000000106 /* FlashcardMO.swift in Sources */,
				A00000000000000000000107 /* ReviewLogMO.swift in Sources */,
				A00000000000000000000108 /* ImportBatchMO.swift in Sources */,
				A00000000000000000000134 /* CardReportMO.swift in Sources */,
				A00000000000000000000158 /* CardCorrectionLogMO.swift in Sources */,
				A00000000000000000000109 /* ReviewRating.swift in Sources */,
				A00000000000000000000129 /* NotebookUnitMO.swift in Sources */,
				A00000000000000000000110 /* DueCardQuery.swift in Sources */,
				A00000000000000000000111 /* ReviewScheduler.swift in Sources */,
				A00000000000000000000112 /* CSVImporter.swift in Sources */,
				A00000000000000000000113 /* NotebooksView.swift in Sources */,
				A00000000000000000000114 /* NotebookEditorView.swift in Sources */,
				A00000000000000000000115 /* NotebookDetailView.swift in Sources */,
				A00000000000000000000116 /* CardEditorView.swift in Sources */,
				A00000000000000000000117 /* StudyView.swift in Sources */,
				A00000000000000000000118 /* ImportView.swift in Sources */,
				A00000000000000000000119 /* SettingsView.swift in Sources */,
				A00000000000000000000124 /* EmptyStateView.swift in Sources */,
				A00000000000000000000130 /* UnitEditorView.swift in Sources */,
				A00000000000000000000131 /* UnitDetailView.swift in Sources */,
				A00000000000000000000125 /* AudioFileStore.swift in Sources */,
				A00000000000000000000126 /* AudioPlaybackController.swift in Sources */,
				A00000000000000000000127 /* BackupExporter.swift in Sources */,
				A00000000000000000000132 /* BackupImporter.swift in Sources */,
				A00000000000000000000133 /* CZYZDAudioResolver.swift in Sources */,
				A00000000000000000000135 /* ReportIssueView.swift in Sources */,
				A00000000000000000000143 /* ReportsView.swift in Sources */,
				A00000000000000000000136 /* GlyphDiagnostics.swift in Sources */,
				A00000000000000000000144 /* FSRS6Scheduler.swift in Sources */,
				A00000000000000000000145 /* DeepSeekSettingsStore.swift in Sources */,
				A00000000000000000000146 /* DeepSeekGlyphSuggestionClient.swift in Sources */,
				A00000000000000000000156 /* DeepSeekDictionaryParsingClient.swift in Sources */,
				A00000000000000000000148 /* CZYZDDictionaryLookup.swift in Sources */,
				A00000000000000000000155 /* CZYZDChaopinImageTextResolver.swift in Sources */,
				A00000000000000000000151 /* CZYZDDictionaryEnrichmentService.swift in Sources */,
				A00000000000000000000152 /* CZYZDDictionaryNotebookBuilder.swift in Sources */,
				A00000000000000000000137 /* FlashcardText.swift in Sources */,
				A00000000000000000000138 /* RareGlyphsView.swift in Sources */,
				A00000000000000000000149 /* DictionaryView.swift in Sources */,
				A00000000000000000000153 /* Appearance.swift in Sources */,
			);
			runOnlyForDeploymentPostprocessing = 0;
		};
		A00000000000000000000902 /* Sources */ = {
			isa = PBXSourcesBuildPhase;
			buildActionMask = 2147483647;
			files = (
				A00000000000000000000120 /* CSVImporterTests.swift in Sources */,
				A00000000000000000000121 /* ReviewSchedulerTests.swift in Sources */,
				A00000000000000000000128 /* BackupExporterTests.swift in Sources */,
				A00000000000000000000147 /* DeepSeekGlyphSuggestionClientTests.swift in Sources */,
				A00000000000000000000150 /* CZYZDDictionaryLookupTests.swift in Sources */,
				A00000000000000000000157 /* AudioPlaybackControllerTests.swift in Sources */,
			);
			runOnlyForDeploymentPostprocessing = 0;
		};
		A00000000000000000000903 /* Sources */ = {
			isa = PBXSourcesBuildPhase;
			buildActionMask = 2147483647;
			files = (
				A00000000000000000000122 /* AnkiOpenUITests.swift in Sources */,
			);
			runOnlyForDeploymentPostprocessing = 0;
		};
/* End PBXSourcesBuildPhase section */

/* Begin PBXTargetDependency section */
		A00000000000000000000403 /* PBXTargetDependency */ = {isa = PBXTargetDependency; target = A00000000000000000000201 /* AnkiOpen */; targetProxy = A00000000000000000000401 /* PBXContainerItemProxy */; };
		A00000000000000000000404 /* PBXTargetDependency */ = {isa = PBXTargetDependency; target = A00000000000000000000201 /* AnkiOpen */; targetProxy = A00000000000000000000402 /* PBXContainerItemProxy */; };
/* End PBXTargetDependency section */

/* Begin XCBuildConfiguration section */
		A00000000000000000000801 /* Debug */ = {
			isa = XCBuildConfiguration;
			buildSettings = {
				ALWAYS_SEARCH_USER_PATHS = NO;
				CLANG_ANALYZER_NONNULL = YES;
				CLANG_ANALYZER_NUMBER_OBJECT_CONVERSION = YES_AGGRESSIVE;
				CLANG_CXX_LANGUAGE_STANDARD = "gnu++20";
				CLANG_ENABLE_MODULES = YES;
				CLANG_ENABLE_OBJC_ARC = YES;
				CLANG_ENABLE_OBJC_WEAK = YES;
				CLANG_WARN_BLOCK_CAPTURE_AUTORELEASING = YES;
				CLANG_WARN_BOOL_CONVERSION = YES;
				CLANG_WARN_COMMA = YES;
				CLANG_WARN_CONSTANT_CONVERSION = YES;
				CLANG_WARN_DEPRECATED_OBJC_IMPLEMENTATIONS = YES;
				CLANG_WARN_DIRECT_OBJC_ISA_USAGE = YES_ERROR;
				CLANG_WARN_DOCUMENTATION_COMMENTS = YES;
				CLANG_WARN_EMPTY_BODY = YES;
				CLANG_WARN_ENUM_CONVERSION = YES;
				CLANG_WARN_INFINITE_RECURSION = YES;
				CLANG_WARN_INT_CONVERSION = YES;
				CLANG_WARN_NON_LITERAL_NULL_CONVERSION = YES;
				CLANG_WARN_OBJC_IMPLICIT_RETAIN_SELF = YES;
				CLANG_WARN_OBJC_LITERAL_CONVERSION = YES;
				CLANG_WARN_OBJC_ROOT_CLASS = YES_ERROR;
				CLANG_WARN_QUOTED_INCLUDE_IN_FRAMEWORK_HEADER = YES;
				CLANG_WARN_RANGE_LOOP_ANALYSIS = YES;
				CLANG_WARN_STRICT_PROTOTYPES = YES;
				CLANG_WARN_SUSPICIOUS_MOVE = YES;
				CLANG_WARN_UNGUARDED_AVAILABILITY = YES_AGGRESSIVE;
				CLANG_WARN_UNREACHABLE_CODE = YES;
				COPY_PHASE_STRIP = NO;
				DEBUG_INFORMATION_FORMAT = dwarf;
				ENABLE_STRICT_OBJC_MSGSEND = YES;
				ENABLE_TESTABILITY = YES;
				GCC_C_LANGUAGE_STANDARD = gnu17;
				GCC_DYNAMIC_NO_PIC = NO;
				GCC_NO_COMMON_BLOCKS = YES;
				GCC_OPTIMIZATION_LEVEL = 0;
				GCC_PREPROCESSOR_DEFINITIONS = "DEBUG=1";
				GCC_WARN_64_TO_32_BIT_CONVERSION = YES;
				GCC_WARN_ABOUT_RETURN_TYPE = YES_ERROR;
				GCC_WARN_UNDECLARED_SELECTOR = YES;
				GCC_WARN_UNINITIALIZED_AUTOS = YES_AGGRESSIVE;
				GCC_WARN_UNUSED_FUNCTION = YES;
				GCC_WARN_UNUSED_VARIABLE = YES;
				IPHONEOS_DEPLOYMENT_TARGET = 16.0;
				MTL_ENABLE_DEBUG_INFO = INCLUDE_SOURCE;
				MTL_FAST_MATH = YES;
				ONLY_ACTIVE_ARCH = YES;
				SDKROOT = iphoneos;
				SUPPORTED_PLATFORMS = "iphoneos iphonesimulator";
				SWIFT_ACTIVE_COMPILATION_CONDITIONS = DEBUG;
				SWIFT_OPTIMIZATION_LEVEL = "-Onone";
			};
			name = Debug;
		};
		A00000000000000000000802 /* Release */ = {
			isa = XCBuildConfiguration;
			buildSettings = {
				ALWAYS_SEARCH_USER_PATHS = NO;
				CLANG_ANALYZER_NONNULL = YES;
				CLANG_ANALYZER_NUMBER_OBJECT_CONVERSION = YES_AGGRESSIVE;
				CLANG_CXX_LANGUAGE_STANDARD = "gnu++20";
				CLANG_ENABLE_MODULES = YES;
				CLANG_ENABLE_OBJC_ARC = YES;
				CLANG_ENABLE_OBJC_WEAK = YES;
				CLANG_WARN_BLOCK_CAPTURE_AUTORELEASING = YES;
				CLANG_WARN_BOOL_CONVERSION = YES;
				CLANG_WARN_COMMA = YES;
				CLANG_WARN_CONSTANT_CONVERSION = YES;
				CLANG_WARN_DEPRECATED_OBJC_IMPLEMENTATIONS = YES;
				CLANG_WARN_DIRECT_OBJC_ISA_USAGE = YES_ERROR;
				CLANG_WARN_DOCUMENTATION_COMMENTS = YES;
				CLANG_WARN_EMPTY_BODY = YES;
				CLANG_WARN_ENUM_CONVERSION = YES;
				CLANG_WARN_INFINITE_RECURSION = YES;
				CLANG_WARN_INT_CONVERSION = YES;
				CLANG_WARN_NON_LITERAL_NULL_CONVERSION = YES;
				CLANG_WARN_OBJC_IMPLICIT_RETAIN_SELF = YES;
				CLANG_WARN_OBJC_LITERAL_CONVERSION = YES;
				CLANG_WARN_OBJC_ROOT_CLASS = YES_ERROR;
				CLANG_WARN_QUOTED_INCLUDE_IN_FRAMEWORK_HEADER = YES;
				CLANG_WARN_RANGE_LOOP_ANALYSIS = YES;
				CLANG_WARN_STRICT_PROTOTYPES = YES;
				CLANG_WARN_SUSPICIOUS_MOVE = YES;
				CLANG_WARN_UNGUARDED_AVAILABILITY = YES_AGGRESSIVE;
				CLANG_WARN_UNREACHABLE_CODE = YES;
				COPY_PHASE_STRIP = NO;
				DEBUG_INFORMATION_FORMAT = "dwarf-with-dsym";
				ENABLE_NS_ASSERTIONS = NO;
				ENABLE_STRICT_OBJC_MSGSEND = YES;
				GCC_C_LANGUAGE_STANDARD = gnu17;
				GCC_NO_COMMON_BLOCKS = YES;
				GCC_WARN_64_TO_32_BIT_CONVERSION = YES;
				GCC_WARN_ABOUT_RETURN_TYPE = YES_ERROR;
				GCC_WARN_UNDECLARED_SELECTOR = YES;
				GCC_WARN_UNINITIALIZED_AUTOS = YES_AGGRESSIVE;
				GCC_WARN_UNUSED_FUNCTION = YES;
				GCC_WARN_UNUSED_VARIABLE = YES;
				IPHONEOS_DEPLOYMENT_TARGET = 16.0;
				MTL_ENABLE_DEBUG_INFO = NO;
				MTL_FAST_MATH = YES;
				SDKROOT = iphoneos;
				SUPPORTED_PLATFORMS = "iphoneos iphonesimulator";
				SWIFT_COMPILATION_MODE = wholemodule;
				VALIDATE_PRODUCT = YES;
			};
			name = Release;
		};
		A00000000000000000000811 /* Debug */ = {
			isa = XCBuildConfiguration;
			buildSettings = {
				ASSETCATALOG_COMPILER_APPICON_NAME = AppIcon;
				CODE_SIGN_STYLE = Automatic;
				CURRENT_PROJECT_VERSION = 1;
				DEVELOPMENT_TEAM = "";
				ENABLE_PREVIEWS = YES;
				GENERATE_INFOPLIST_FILE = NO;
				INFOPLIST_KEY_CFBundleDisplayName = AnkiOpen;
				INFOPLIST_KEY_LSApplicationCategoryType = "public.app-category.education";
				INFOPLIST_KEY_UIApplicationSceneManifest_Generation = YES;
				INFOPLIST_KEY_UIApplicationSupportsIndirectInputEvents = YES;
				INFOPLIST_KEY_UILaunchScreen_Generation = YES;
				INFOPLIST_FILE = AnkiOpen/Info.plist;
				IPHONEOS_DEPLOYMENT_TARGET = 16.0;
				LD_RUNPATH_SEARCH_PATHS = "$(inherited) @executable_path/Frameworks";
				MARKETING_VERSION = 0.1.0;
				PRODUCT_BUNDLE_IDENTIFIER = com.xinby.AnkiOpen;
				PRODUCT_NAME = "$(TARGET_NAME)";
				SUPPORTED_PLATFORMS = "iphoneos iphonesimulator";
				SWIFT_EMIT_LOC_STRINGS = YES;
				SWIFT_VERSION = 5.0;
				TARGETED_DEVICE_FAMILY = "1,2";
			};
			name = Debug;
		};
		A00000000000000000000812 /* Release */ = {
			isa = XCBuildConfiguration;
			buildSettings = {
				ASSETCATALOG_COMPILER_APPICON_NAME = AppIcon;
				CODE_SIGN_STYLE = Automatic;
				CURRENT_PROJECT_VERSION = 1;
				DEVELOPMENT_TEAM = "";
				GENERATE_INFOPLIST_FILE = NO;
				INFOPLIST_KEY_CFBundleDisplayName = AnkiOpen;
				INFOPLIST_KEY_LSApplicationCategoryType = "public.app-category.education";
				INFOPLIST_KEY_UIApplicationSceneManifest_Generation = YES;
				INFOPLIST_KEY_UIApplicationSupportsIndirectInputEvents = YES;
				INFOPLIST_KEY_UILaunchScreen_Generation = YES;
				INFOPLIST_FILE = AnkiOpen/Info.plist;
				IPHONEOS_DEPLOYMENT_TARGET = 16.0;
				LD_RUNPATH_SEARCH_PATHS = "$(inherited) @executable_path/Frameworks";
				MARKETING_VERSION = 0.1.0;
				PRODUCT_BUNDLE_IDENTIFIER = com.xinby.AnkiOpen;
				PRODUCT_NAME = "$(TARGET_NAME)";
				SUPPORTED_PLATFORMS = "iphoneos iphonesimulator";
				SWIFT_EMIT_LOC_STRINGS = YES;
				SWIFT_VERSION = 5.0;
				TARGETED_DEVICE_FAMILY = "1,2";
			};
			name = Release;
		};
		A00000000000000000000821 /* Debug */ = {
			isa = XCBuildConfiguration;
			buildSettings = {
				BUNDLE_LOADER = "$(TEST_HOST)";
				CODE_SIGN_STYLE = Automatic;
				GENERATE_INFOPLIST_FILE = YES;
				IPHONEOS_DEPLOYMENT_TARGET = 16.0;
				LD_RUNPATH_SEARCH_PATHS = "$(inherited) @executable_path/Frameworks @loader_path/Frameworks";
				PRODUCT_BUNDLE_IDENTIFIER = com.xinby.AnkiOpenTests;
				PRODUCT_NAME = "$(TARGET_NAME)";
				SUPPORTED_PLATFORMS = "iphoneos iphonesimulator";
				SWIFT_VERSION = 5.0;
				TEST_HOST = "$(BUILT_PRODUCTS_DIR)/AnkiOpen.app/$(BUNDLE_EXECUTABLE_FOLDER_PATH)/AnkiOpen";
			};
			name = Debug;
		};
		A00000000000000000000822 /* Release */ = {
			isa = XCBuildConfiguration;
			buildSettings = {
				BUNDLE_LOADER = "$(TEST_HOST)";
				CODE_SIGN_STYLE = Automatic;
				GENERATE_INFOPLIST_FILE = YES;
				IPHONEOS_DEPLOYMENT_TARGET = 16.0;
				LD_RUNPATH_SEARCH_PATHS = "$(inherited) @executable_path/Frameworks @loader_path/Frameworks";
				PRODUCT_BUNDLE_IDENTIFIER = com.xinby.AnkiOpenTests;
				PRODUCT_NAME = "$(TARGET_NAME)";
				SUPPORTED_PLATFORMS = "iphoneos iphonesimulator";
				SWIFT_VERSION = 5.0;
				TEST_HOST = "$(BUILT_PRODUCTS_DIR)/AnkiOpen.app/$(BUNDLE_EXECUTABLE_FOLDER_PATH)/AnkiOpen";
			};
			name = Release;
		};
		A00000000000000000000831 /* Debug */ = {
			isa = XCBuildConfiguration;
			buildSettings = {
				CODE_SIGN_STYLE = Automatic;
				GENERATE_INFOPLIST_FILE = YES;
				IPHONEOS_DEPLOYMENT_TARGET = 16.0;
				LD_RUNPATH_SEARCH_PATHS = "$(inherited) @executable_path/Frameworks @loader_path/Frameworks";
				PRODUCT_BUNDLE_IDENTIFIER = com.xinby.AnkiOpenUITests;
				PRODUCT_NAME = "$(TARGET_NAME)";
				SUPPORTED_PLATFORMS = "iphoneos iphonesimulator";
				SWIFT_VERSION = 5.0;
				TEST_TARGET_NAME = AnkiOpen;
			};
			name = Debug;
		};
		A00000000000000000000832 /* Release */ = {
			isa = XCBuildConfiguration;
			buildSettings = {
				CODE_SIGN_STYLE = Automatic;
				GENERATE_INFOPLIST_FILE = YES;
				IPHONEOS_DEPLOYMENT_TARGET = 16.0;
				LD_RUNPATH_SEARCH_PATHS = "$(inherited) @executable_path/Frameworks @loader_path/Frameworks";
				PRODUCT_BUNDLE_IDENTIFIER = com.xinby.AnkiOpenUITests;
				PRODUCT_NAME = "$(TARGET_NAME)";
				SUPPORTED_PLATFORMS = "iphoneos iphonesimulator";
				SWIFT_VERSION = 5.0;
				TEST_TARGET_NAME = AnkiOpen;
			};
			name = Release;
		};
/* End XCBuildConfiguration section */

/* Begin XCConfigurationList section */
		A00000000000000000000800 /* Build configuration list for PBXProject "AnkiOpen" */ = {isa = XCConfigurationList; buildConfigurations = (A00000000000000000000801 /* Debug */, A00000000000000000000802 /* Release */); defaultConfigurationIsVisible = 0; defaultConfigurationName = Release; };
		A00000000000000000000810 /* Build configuration list for PBXNativeTarget "AnkiOpen" */ = {isa = XCConfigurationList; buildConfigurations = (A00000000000000000000811 /* Debug */, A00000000000000000000812 /* Release */); defaultConfigurationIsVisible = 0; defaultConfigurationName = Release; };
		A00000000000000000000820 /* Build configuration list for PBXNativeTarget "AnkiOpenTests" */ = {isa = XCConfigurationList; buildConfigurations = (A00000000000000000000821 /* Debug */, A00000000000000000000822 /* Release */); defaultConfigurationIsVisible = 0; defaultConfigurationName = Release; };
		A00000000000000000000830 /* Build configuration list for PBXNativeTarget "AnkiOpenUITests" */ = {isa = XCConfigurationList; buildConfigurations = (A00000000000000000000831 /* Debug */, A00000000000000000000832 /* Release */); defaultConfigurationIsVisible = 0; defaultConfigurationName = Release; };
/* End XCConfigurationList section */

/* Begin XCRemoteSwiftPackageReference section */
		A00000000000000000000300 /* XCRemoteSwiftPackageReference "swift-fsrs" */ = {
			isa = XCRemoteSwiftPackageReference;
			repositoryURL = "https://github.com/open-spaced-repetition/swift-fsrs";
			requirement = {
				kind = upToNextMajorVersion;
				minimumVersion = 5.0.0;
			};
		};
/* End XCRemoteSwiftPackageReference section */

/* Begin XCSwiftPackageProductDependency section */
		A00000000000000000000301 /* FSRS */ = {
			isa = XCSwiftPackageProductDependency;
			package = A00000000000000000000300 /* XCRemoteSwiftPackageReference "swift-fsrs" */;
			productName = FSRS;
		};
/* End XCSwiftPackageProductDependency section */
	};
	rootObject = A00000000000000000000999 /* Project object */;
}
